# THIS IS AN AUTOGENERATED FILE. DO NOT EDIT THIS FILE DIRECTLY.
# yarn lockfile v1


"@hookform/resolvers@^3.10.0":
  version "3.10.0"
  resolved "https://registry.yarnpkg.com/@hookform/resolvers/-/resolvers-3.10.0.tgz#7bfd18113daca4e57e27e1205b7d5a2d371aa59a"
  integrity sha512-79Dv+3mDF7i+2ajj7SkypSKHhl1cbln1OGavqrsF7p6mbUv11xpqpacPsGDCTRvCSjEEIez2ef1NveSVL3b0Ag==

"@tanstack/query-core@5.65.0":
  version "5.65.0"
  resolved "https://registry.yarnpkg.com/@tanstack/query-core/-/query-core-5.65.0.tgz#6b7c7087a36867361535b613ff39b633808052fd"
  integrity sha512-Bnnq/1axf00r2grRT6gUyIkZRKzhHs+p4DijrCQ3wMlA3D3TTT71gtaSLtqnzGddj73/7X5JDGyjiSLdjvQN4w==

"@tanstack/react-query@^5.65.1":
  version "5.65.1"
  resolved "https://registry.yarnpkg.com/@tanstack/react-query/-/react-query-5.65.1.tgz#84f120f7cf7398626c991ccef4557bd4d780fe37"
  integrity sha512-BSpjo4RQdJ75Mw3pqM1AJYNhanNxJE3ct7RmCZUAv9cUJg/Qmonzc/Xy2kKXeQA1InuKATSuc6pOZciWOF8TYQ==
  dependencies:
    "@tanstack/query-core" "5.65.0"

"@types/node@^22.12.0":
  version "22.12.0"
  resolved "https://registry.yarnpkg.com/@types/node/-/node-22.12.0.tgz#bf8af3b2af0837b5a62a368756ff2b705ae0048c"
  integrity sha512-Fll2FZ1riMjNmlmJOdAyY5pUbkftXslB5DgEzlIuNaiWhXd00FhWxVC/r4yV/4wBb9JfImTu+jiSvXTkJ7F/gA==
  dependencies:
    undici-types "~6.20.0"

lucide-react@^0.474.0:
  version "0.474.0"
  resolved "https://registry.yarnpkg.com/lucide-react/-/lucide-react-0.474.0.tgz#9fcaa96250fa2de0b3e2803d4ad744eaea572247"
  integrity sha512-CmghgHkh0OJNmxGKWc0qfPJCYHASPMVSyGY8fj3xgk4v84ItqDg64JNKFZn5hC6E0vHi6gxnbCgwhyVB09wQtA==

react-hook-form@^7.54.2:
  version "7.54.2"
  resolved "https://registry.yarnpkg.com/react-hook-form/-/react-hook-form-7.54.2.tgz#8c26ed54c71628dff57ccd3c074b1dd377cfb211"
  integrity sha512-eHpAUgUjWbZocoQYUHposymRb4ZP6d0uwUnooL2uOybA9/3tPUvoAKqEWK1WaSiTxxOfTpffNZP7QwlnM3/gEg==

undici-types@~6.20.0:
  version "6.20.0"
  resolved "https://registry.yarnpkg.com/undici-types/-/undici-types-6.20.0.tgz#8171bf22c1f588d1554d55bf204bc624af388433"
  integrity sha512-Ny6QZ2Nju20vw1SRHe3d9jVu6gJ+4e3+MMpqu7pqE5HT6WsTSlce++GQmK5UXS8mzV8DSYHrQH+Xrf2jVcuKNg==

zod@^3.24.1:
  version "3.24.1"
  resolved "https://registry.yarnpkg.com/zod/-/zod-3.24.1.tgz#27445c912738c8ad1e9de1bea0359fa44d9d35ee"
  integrity sha512-muH7gBL9sI1nciMZV67X5fTKKBLtwpZ5VBp1vsOQzj1MhrBZ4wlVCm3gedKZWLp0Oyel8sIGfeiz54Su+OVT+A==
