# THIS IS AN AUTOGENERATED FILE. DO NOT EDIT THIS FILE DIRECTLY.
# yarn lockfile v1


"@tanstack/history@1.98.0":
  version "1.98.0"
  resolved "https://registry.yarnpkg.com/@tanstack/history/-/history-1.98.0.tgz#d3407375372f598898e59e224188097655b0e873"
  integrity sha512-zFGRdwz/+lLLSKPfKJ0AA8yVb7lXGrI2WwzhQqYXMKg6npUjlq06+XnrIIml99tQGZi+LFVZidtjBZTi2C/4+A==

"@tanstack/react-router@^1.98.0":
  version "1.98.0"
  resolved "https://registry.yarnpkg.com/@tanstack/react-router/-/react-router-1.98.0.tgz#c71aa0363a0f516b836ef5201f8714f2b5f55fd8"
  integrity sha512-mnYadj+fOC8o0lIJBnvxYrVy6/5Vh+rLX1l8UuCfpIyRBxHxXarQwfgkczIdpljtQ43QU2mDtYyWdN1ADyko2A==
  dependencies:
    "@tanstack/history" "1.98.0"
    "@tanstack/react-store" "^0.7.0"
    "@tanstack/router-core" "^1.98.0"
    jsesc "^3.1.0"
    tiny-invariant "^1.3.3"
    tiny-warning "^1.0.3"

"@tanstack/react-store@^0.7.0":
  version "0.7.0"
  resolved "https://registry.yarnpkg.com/@tanstack/react-store/-/react-store-0.7.0.tgz#62d5d1c9b1c66ee04b06b88bc96cfbc4ee53002a"
  integrity sha512-S/Rq17HaGOk+tQHV/yrePMnG1xbsKZIl/VsNWnNXt4XW+tTY8dTlvpJH2ZQ3GRALsusG5K6Q3unAGJ2pd9W/Ng==
  dependencies:
    "@tanstack/store" "0.7.0"
    use-sync-external-store "^1.4.0"

"@tanstack/router-core@^1.98.0":
  version "1.98.0"
  resolved "https://registry.yarnpkg.com/@tanstack/router-core/-/router-core-1.98.0.tgz#b9b07cf025528794dac3e39cfc09a292560536cb"
  integrity sha512-ExfX1njbU5OksaB/LLPDnspTsxFXyfsblGEesUg5wxlV0s6doeh3gWj4PK06oNvSbW/S+ryu00HRv0F3y4wIsA==
  dependencies:
    "@tanstack/history" "1.98.0"
    "@tanstack/store" "^0.7.0"

"@tanstack/store@0.7.0", "@tanstack/store@^0.7.0":
  version "0.7.0"
  resolved "https://registry.yarnpkg.com/@tanstack/store/-/store-0.7.0.tgz#afef29b06c6b592e93181cee9baa62fe77454459"
  integrity sha512-CNIhdoUsmD2NolYuaIs8VfWM467RK6oIBAW4nPEKZhg1smZ+/CwtCdpURgp7nxSqOaV9oKkzdWD80+bC66F/Jg==

jsesc@^3.1.0:
  version "3.1.0"
  resolved "https://registry.yarnpkg.com/jsesc/-/jsesc-3.1.0.tgz#74d335a234f67ed19907fdadfac7ccf9d409825d"
  integrity sha512-/sM3dO2FOzXjKQhJuo0Q173wf2KOo8t4I8vHy6lF9poUp7bKT0/NHE8fPX23PwfhnykfqnC2xRxOnVw5XuGIaA==

tiny-invariant@^1.3.3:
  version "1.3.3"
  resolved "https://registry.yarnpkg.com/tiny-invariant/-/tiny-invariant-1.3.3.tgz#46680b7a873a0d5d10005995eb90a70d74d60127"
  integrity sha512-+FbBPE1o9QAYvviau/qC5SE3caw21q3xkvWKBtja5vgqOWIHHJ3ioaq1VPfn/Szqctz2bU/oYeKd9/z5BL+PVg==

tiny-warning@^1.0.3:
  version "1.0.3"
  resolved "https://registry.yarnpkg.com/tiny-warning/-/tiny-warning-1.0.3.tgz#94a30db453df4c643d0fd566060d60a875d84754"
  integrity sha512-lBN9zLN/oAf68o3zNXYrdCt1kP8WsiGW8Oo2ka41b2IM5JL/S1CTyX1rW0mb/zSuJun0ZUrDxx4sqvYS2FWzPA==

use-sync-external-store@^1.4.0:
  version "1.4.0"
  resolved "https://registry.yarnpkg.com/use-sync-external-store/-/use-sync-external-store-1.4.0.tgz#adbc795d8eeb47029963016cefdf89dc799fcebc"
  integrity sha512-9WXSPC5fMv61vaupRkCKCxsPxBocVnwakBEkMIHHpkTTg6icbJtg6jzgtLDm4bl3cSHAca52rYWih0k4K3PfHw==
